// !$*UTF8*$!
{
	archiveVersion = 1;
	classes = {
	};
	objectVersion = 56;
	objects = {

/* Begin PBXBuildFile section */
		377A43F62FDCCA2B00103FE9 /* Models.swift in Sources */ = {isa = PBXBuildFile; fileRef = 377A43F52FDCCA2B00103FE9 /* Models.swift */; };
		377A43F82FDCCA2B00103FE9 /* StorageProvider.swift in Sources */ = {isa = PBXBuildFile; fileRef = 377A43F72FDCCA2B00103FE9 /* StorageProvider.swift */; };
		377A43FA2FDCCA2B00103FE9 /* NetworkManager.swift in Sources */ = {isa = PBXBuildFile; fileRef = 377A43F92FDCCA2B00103FE9 /* NetworkManager.swift */; };
		377A43FC2FDCCA2B00103FE9 /* LoginView.swift in Sources */ = {isa = PBXBuildFile; fileRef = 377A43FB2FDCCA2B00103FE9 /* LoginView.swift */; };
		377A43FE2FDCCA2B00103FE9 /* VagasView.swift in Sources */ = {isa = PBXBuildFile; fileRef = 377A43FD2FDCCA2B00103FE9 /* VagasView.swift */; };
		377A43002FDCCA2B00103FE9 /* EntidadesView.swift in Sources */ = {isa = PBXBuildFile; fileRef = 377A43FF2FDCCA2B00103FE9 /* EntidadesView.swift */; };
		377A43022FDCCA2B00103FE9 /* PerfilView.swift in Sources */ = {isa = PBXBuildFile; fileRef = 377A43012FDCCA2B00103FE9 /* PerfilView.swift */; };
		377A43042FDCCA2B00103FE9 /* RegisterView.swift in Sources */ = {isa = PBXBuildFile; fileRef = 377A43032FDCCA2B00103FE9 /* RegisterView.swift */; };
		377A43062FDCCA2B00103FE9 /* RecursosView.swift in Sources */ = {isa = PBXBuildFile; fileRef = 377A43052FDCCA2B00103FE9 /* RecursosView.swift */; };
		377A43502FDCCA2B00103FE9 /* ProjetosView.swift in Sources */ = {isa = PBXBuildFile; fileRef = 377A43512FDCCA2B00103FE9 /* ProjetosView.swift */; };
		377A43522FDCCA2B00103FE9 /* SobreView.swift in Sources */ = {isa = PBXBuildFile; fileRef = 377A43532FDCCA2B00103FE9 /* SobreView.swift */; };
		377A43CA2FDCCA2B00103FE9 /* AquarioApp.swift in Sources */ = {isa = PBXBuildFile; fileRef = 377A43C92FDCCA2B00103FE9 /* AquarioApp.swift */; };
		377A43CC2FDCCA2B00103FE9 /* ContentView.swift in Sources */ = {isa = PBXBuildFile; fileRef = 377A43CB2FDCCA2B00103FE9 /* ContentView.swift */; };
		377A43CE2FDCCA2E00103FE9 /* Assets.xcassets in Resources */ = {isa = PBXBuildFile; fileRef = 377A43CD2FDCCA2E00103FE9 /* Assets.xcassets */; };
		377A43D12FDCCA2E00103FE9 /* Preview Assets.xcassets in Resources */ = {isa = PBXBuildFile; fileRef = 377A43D02FDCCA2E00103FE9 /* Preview Assets.xcassets */; };
		377A43DB2FDCCA2E00103FE9 /* Aquario_AppTests.swift in Sources */ = {isa = PBXBuildFile; fileRef = 377A43DA2FDCCA2E00103FE9 /* Aquario_AppTests.swift */; };
		377A43E52FDCCA2E00103FE9 /* Aquario_AppUITests.swift in Sources */ = {isa = PBXBuildFile; fileRef = 377A43E42FDCCA2E00103FE9 /* Aquario_AppUITests.swift */; };
		377A43E72FDCCA2E00103FE9 /* Aquario_AppUITestsLaunchTests.swift in Sources */ = {isa = PBXBuildFile; fileRef = 377A43E62FDCCA2E00103FE9 /* Aquario_AppUITestsLaunchTests.swift */; };
/* End PBXBuildFile section */

/* Begin PBXContainerItemProxy section */
		377A43D72FDCCA2E00103FE9 /* PBXContainerItemProxy */ = {
			isa = PBXContainerItemProxy;
			containerPortal = 377A43BE2FDCCA2B00103FE9 /* Project object */;
			proxyType = 1;
			remoteGlobalIDString = 377A43C52FDCCA2B00103FE9;
			remoteInfo = "Aquario-App";
		};
		377A43E12FDCCA2E00103FE9 /* PBXContainerItemProxy */ = {
			isa = PBXContainerItemProxy;
			containerPortal = 377A43BE2FDCCA2B00103FE9 /* Project object */;
			proxyType = 1;
			remoteGlobalIDString = 377A43C52FDCCA2B00103FE9;
			remoteInfo = "Aquario-App";
		};
/* End PBXContainerItemProxy section */

/* Begin PBXFileReference section */
		377A43C62FDCCA2B00103FE9 /* Aquario-App.app */ = {isa = PBXFileReference; explicitFileType = wrapper.application; includeInIndex = 0; path = "Aquario-App.app"; sourceTree = BUILT_PRODUCTS_DIR; };
		377A43C92FDCCA2B00103FE9 /* AquarioApp.swift */ = {isa = PBXFileReference; lastKnownFileType = sourcecode.swift; path = AquarioApp.swift; sourceTree = "<group>"; };
		377A43CB2FDCCA2B00103FE9 /* ContentView.swift */ = {isa = PBXFileReference; lastKnownFileType = sourcecode.swift; path = ContentView.swift; sourceTree = "<group>"; };
		377A43F52FDCCA2B00103FE9 /* Models.swift */ = {isa = PBXFileReference; lastKnownFileType = sourcecode.swift; path = Models.swift; sourceTree = "<group>"; };
		377A43F72FDCCA2B00103FE9 /* StorageProvider.swift */ = {isa = PBXFileReference; lastKnownFileType = sourcecode.swift; path = StorageProvider.swift; sourceTree = "<group>"; };
		377A43F92FDCCA2B00103FE9 /* NetworkManager.swift */ = {isa = PBXFileReference; lastKnownFileType = sourcecode.swift; path = NetworkManager.swift; sourceTree = "<group>"; };
		377A43FB2FDCCA2B00103FE9 /* LoginView.swift */ = {isa = PBXFileReference; lastKnownFileType = sourcecode.swift; path = LoginView.swift; sourceTree = "<group>"; };
		377A43FD2FDCCA2B00103FE9 /* VagasView.swift */ = {isa = PBXFileReference; lastKnownFileType = sourcecode.swift; path = VagasView.swift; sourceTree = "<group>"; };
		377A43FF2FDCCA2B00103FE9 /* EntidadesView.swift */ = {isa = PBXFileReference; lastKnownFileType = sourcecode.swift; path = EntidadesView.swift; sourceTree = "<group>"; };
		377A43012FDCCA2B00103FE9 /* PerfilView.swift */ = {isa = PBXFileReference; lastKnownFileType = sourcecode.swift; path = PerfilView.swift; sourceTree = "<group>"; };
		377A43032FDCCA2B00103FE9 /* RegisterView.swift */ = {isa = PBXFileReference; lastKnownFileType = sourcecode.swift; path = RegisterView.swift; sourceTree = "<group>"; };
		377A43052FDCCA2B00103FE9 /* RecursosView.swift */ = {isa = PBXFileReference; lastKnownFileType = sourcecode.swift; path = RecursosView.swift; sourceTree = "<group>"; };
		377A43512FDCCA2B00103FE9 /* ProjetosView.swift */ = {isa = PBXFileReference; lastKnownFileType = sourcecode.swift; path = ProjetosView.swift; sourceTree = "<group>"; };
		377A43532FDCCA2B00103FE9 /* SobreView.swift */ = {isa = PBXFileReference; lastKnownFileType = sourcecode.swift; path = SobreView.swift; sourceTree = "<group>"; };
		377A43CD2FDCCA2E00103FE9 /* Assets.xcassets */ = {isa = PBXFileReference; lastKnownFileType = folder.assetcatalog; path = Assets.xcassets; sourceTree = "<group>"; };
		377A43D02FDCCA2E00103FE9 /* Preview Assets.xcassets */ = {isa = PBXFileReference; lastKnownFileType = folder.assetcatalog; path = "Preview Assets.xcassets"; sourceTree = "<group>"; };
		377A43D62FDCCA2E00103FE9 /* Aquario-AppTests.xctest */ = {isa = PBXFileReference; explicitFileType = wrapper.cfbundle; includeInIndex = 0; path = "Aquario-AppTests.xctest"; sourceTree = BUILT_PRODUCTS_DIR; };
		377A43DA2FDCCA2E00103FE9 /* Aquario_AppTests.swift */ = {isa = PBXFileReference; lastKnownFileType = sourcecode.swift; path = Aquario_AppTests.swift; sourceTree = "<group>"; };
		377A43E02FDCCA2E00103FE9 /* Aquario-AppUITests.xctest */ = {isa = PBXFileReference; explicitFileType = wrapper.cfbundle; includeInIndex = 0; path = "Aquario-AppUITests.xctest"; sourceTree = BUILT_PRODUCTS_DIR; };
		377A43E42FDCCA2E00103FE9 /* Aquario_AppUITests.swift */ = {isa = PBXFileReference; lastKnownFileType = sourcecode.swift; path = Aquario_AppUITests.swift; sourceTree = "<group>"; };
		377A43E62FDCCA2E00103FE9 /* Aquario_AppUITestsLaunchTests.swift */ = {isa = PBXFileReference; lastKnownFileType = sourcecode.swift; path = Aquario_AppUITestsLaunchTests.swift; sourceTree = "<group>"; };
/* End PBXFileReference section */

/* Begin PBXFrameworksBuildPhase section */
		377A43C32FDCCA2B00103FE9 /* Frameworks */ = {
			isa = PBXFrameworksBuildPhase;
			buildActionMask = 2147483647;
			files = (
			);
			runOnlyForDeploymentPostprocessing = 0;
		};
		377A43D32FDCCA2E00103FE9 /* Frameworks */ = {
			isa = PBXFrameworksBuildPhase;
			buildActionMask = 2147483647;
			files = (
			);
			runOnlyForDeploymentPostprocessing = 0;
		};
		377A43DD2FDCCA2E00103FE9 /* Frameworks */ = {
			isa = PBXFrameworksBuildPhase;
			buildActionMask = 2147483647;
			files = (
			);
			runOnlyForDeploymentPostprocessing = 0;
		};
/* End PBXFrameworksBuildPhase section */

/* Begin PBXGroup section */
		377A43BD2FDCCA2B00103FE9 = {
			isa = PBXGroup;
			children = (
				377A43C82FDCCA2B00103FE9 /* Aquario-App */,
				377A43D92FDCCA2E00103FE9 /* Aquario-AppTests */,
				377A43E32FDCCA2E00103FE9 /* Aquario-AppUITests */,
				377A43C72FDCCA2B00103FE9 /* Products */,
			);
			sourceTree = "<group>";
		};
		377A43C72FDCCA2B00103FE9 /* Products */ = {
			isa = PBXGroup;
			children = (
				377A43C62FDCCA2B00103FE9 /* Aquario-App.app */,
				377A43D62FDCCA2E00103FE9 /* Aquario-AppTests.xctest */,
				377A43E02FDCCA2E00103FE9 /* Aquario-AppUITests.xctest */,
			);
			name = Products;
			sourceTree = "<group>";
		};
		377A43C82FDCCA2B00103FE9 /* Aquario-App */ = {
			isa = PBXGroup;
			children = (
				377A43C92FDCCA2B00103FE9 /* AquarioApp.swift */,
				377A43CB2FDCCA2B00103FE9 /* ContentView.swift */,
				377A43F52FDCCA2B00103FE9 /* Models.swift */,
				377A43F72FDCCA2B00103FE9 /* StorageProvider.swift */,
				377A43F92FDCCA2B00103FE9 /* NetworkManager.swift */,
				377A43FB2FDCCA2B00103FE9 /* LoginView.swift */,
				377A43FD2FDCCA2B00103FE9 /* VagasView.swift */,
				377A43FF2FDCCA2B00103FE9 /* EntidadesView.swift */,
				377A43012FDCCA2B00103FE9 /* PerfilView.swift */,
				377A43032FDCCA2B00103FE9 /* RegisterView.swift */,
				377A43052FDCCA2B00103FE9 /* RecursosView.swift */,
				377A43512FDCCA2B00103FE9 /* ProjetosView.swift */,
				377A43532FDCCA2B00103FE9 /* SobreView.swift */,
				377A43CD2FDCCA2E00103FE9 /* Assets.xcassets */,
				377A43CF2FDCCA2E00103FE9 /* Preview Content */,
			);
			path = "Aquario-App";
			sourceTree = "<group>";
		};
		377A43CF2FDCCA2E00103FE9 /* Preview Content */ = {
			isa = PBXGroup;
			children = (
				377A43D02FDCCA2E00103FE9 /* Preview Assets.xcassets */,
			);
			path = "Preview Content";
			sourceTree = "<group>";
		};
		377A43D92FDCCA2E00103FE9 /* Aquario-AppTests */ = {
			isa = PBXGroup;
			children = (
				377A43DA2FDCCA2E00103FE9 /* Aquario_AppTests.swift */,
			);
			path = "Aquario-AppTests";
			sourceTree = "<group>";
		};
		377A43E32FDCCA2E00103FE9 /* Aquario-AppUITests */ = {
			isa = PBXGroup;
			children = (
				377A43E42FDCCA2E00103FE9 /* Aquario_AppUITests.swift */,
				377A43E62FDCCA2E00103FE9 /* Aquario_AppUITestsLaunchTests.swift */,
			);
			path = "Aquario-AppUITests";
			sourceTree = "<group>";
		};
/* End PBXGroup section */

/* Begin PBXNativeTarget section */
		377A43C52FDCCA2B00103FE9 /* Aquario-App */ = {
			isa = PBXNativeTarget;
			buildConfigurationList = 377A43EA2FDCCA2E00103FE9 /* Build configuration list for PBXNativeTarget "Aquario-App" */;
			buildPhases = (
				377A43C22FDCCA2B00103FE9 /* Sources */,
				377A43C32FDCCA2B00103FE9 /* Frameworks */,
				377A43C42FDCCA2B00103FE9 /* Resources */,
			);
			buildRules = (
			);
			dependencies = (
			);
			name = "Aquario-App";
			productName = "Aquario-App";
			productReference = 377A43C62FDCCA2B00103FE9 /* Aquario-App.app */;
			productType = "com.apple.product-type.application";
		};
		377A43D52FDCCA2E00103FE9 /* Aquario-AppTests */ = {
			isa = PBXNativeTarget;
			buildConfigurationList = 377A43ED2FDCCA2E00103FE9 /* Build configuration list for PBXNativeTarget "Aquario-AppTests" */;
			buildPhases = (
				377A43D22FDCCA2E00103FE9 /* Sources */,
				377A43D32FDCCA2E00103FE9 /* Frameworks */,
				377A43D42FDCCA2E00103FE9 /* Resources */,
			);
			buildRules = (
			);
			dependencies = (
				377A43D82FDCCA2E00103FE9 /* PBXTargetDependency */,
			);
			name = "Aquario-AppTests";
			productName = "Aquario-AppTests";
			productReference = 377A43D62FDCCA2E00103FE9 /* Aquario-AppTests.xctest */;
			productType = "com.apple.product-type.bundle.unit-test";
		};
		377A43DF2FDCCA2E00103FE9 /* Aquario-AppUITests */ = {
			isa = PBXNativeTarget;
			buildConfigurationList = 377A43F02FDCCA2E00103FE9 /* Build configuration list for PBXNativeTarget "Aquario-AppUITests" */;
			buildPhases = (
				377A43DC2FDCCA2E00103FE9 /* Sources */,
				377A43DD2FDCCA2E00103FE9 /* Frameworks */,
				377A43DE2FDCCA2E00103FE9 /* Resources */,
			);
			buildRules = (
			);
			dependencies = (
				377A43E22FDCCA2E00103FE9 /* PBXTargetDependency */,
			);
			name = "Aquario-AppUITests";
			productName = "Aquario-AppUITests";
			productReference = 377A43E02FDCCA2E00103FE9 /* Aquario-AppUITests.xctest */;
			productType = "com.apple.product-type.bundle.ui-testing";
		};
/* End PBXNativeTarget section */

/* Begin PBXProject section */
		377A43BE2FDCCA2B00103FE9 /* Project object */ = {
			isa = PBXProject;
			attributes = {
				BuildIndependentTargetsInParallel = 1;
				LastSwiftUpdateCheck = 1420;
				LastUpgradeCheck = 1420;
				TargetAttributes = {
					377A43C52FDCCA2B00103FE9 = {
						CreatedOnToolsVersion = 14.2;
					};
					377A43D52FDCCA2E00103FE9 = {
						CreatedOnToolsVersion = 14.2;
						TestTargetID = 377A43C52FDCCA2B00103FE9;
					};
					377A43DF2FDCCA2E00103FE9 = {
						CreatedOnToolsVersion = 14.2;
						TestTargetID = 377A43C52FDCCA2B00103FE9;
					};
				};
			};
			buildConfigurationList = 377A43C12FDCCA2B00103FE9 /* Build configuration list for PBXProject "Aquario-App" */;
			compatibilityVersion = "Xcode 14.0";
			developmentRegion = en;
			hasScannedForEncodings = 0;
			knownRegions = (
				en,
				Base,
			);
			mainGroup = 377A43BD2FDCCA2B00103FE9;
			productRefGroup = 377A43C72FDCCA2B00103FE9 /* Products */;
			projectDirPath = "";
			projectRoot = "";
			targets = (
				377A43C52FDCCA2B00103FE9 /* Aquario-App */,
				377A43D52FDCCA2E00103FE9 /* Aquario-AppTests */,
				377A43DF2FDCCA2E00103FE9 /* Aquario-AppUITests */,
			);
		};
/* End PBXProject section */

/* Begin PBXResourcesBuildPhase section */
		377A43C42FDCCA2B00103FE9 /* Resources */ = {
			isa = PBXResourcesBuildPhase;
			buildActionMask = 2147483647;
			files = (
				377A43D12FDCCA2E00103FE9 /* Preview Assets.xcassets in Resources */,
				377A43CE2FDCCA2E00103FE9 /* Assets.xcassets in Resources */,
			);
			runOnlyForDeploymentPostprocessing = 0;
		};
		377A43D42FDCCA2E00103FE9 /* Resources */ = {
			isa = PBXResourcesBuildPhase;
			buildActionMask = 2147483647;
			files = (
			);
			runOnlyForDeploymentPostprocessing = 0;
		};
		377A43DE2FDCCA2E00103FE9 /* Resources */ = {
			isa = PBXResourcesBuildPhase;
			buildActionMask = 2147483647;
			files = (
			);
			runOnlyForDeploymentPostprocessing = 0;
		};
/* End PBXResourcesBuildPhase section */

/* Begin PBXSourcesBuildPhase section */
		377A43C22FDCCA2B00103FE9 /* Sources */ = {
			isa = PBXSourcesBuildPhase;
			buildActionMask = 2147483647;
			files = (
				377A43CC2FDCCA2B00103FE9 /* ContentView.swift in Sources */,
				377A43F62FDCCA2B00103FE9 /* Models.swift in Sources */,
				377A43F82FDCCA2B00103FE9 /* StorageProvider.swift in Sources */,
				377A43FA2FDCCA2B00103FE9 /* NetworkManager.swift in Sources */,
				377A43FC2FDCCA2B00103FE9 /* LoginView.swift in Sources */,
				377A43FE2FDCCA2B00103FE9 /* VagasView.swift in Sources */,
				377A43002FDCCA2B00103FE9 /* EntidadesView.swift in Sources */,
				377A43022FDCCA2B00103FE9 /* PerfilView.swift in Sources */,
				377A43042FDCCA2B00103FE9 /* RegisterView.swift in Sources */,
				377A43062FDCCA2B00103FE9 /* RecursosView.swift in Sources */,
				377A43502FDCCA2B00103FE9 /* ProjetosView.swift in Sources */,
				377A43522FDCCA2B00103FE9 /* SobreView.swift in Sources */,
				377A43CA2FDCCA2B00103FE9 /* AquarioApp.swift in Sources */,
			);
			runOnlyForDeploymentPostprocessing = 0;
		};
		377A43D22FDCCA2E00103FE9 /* Sources */ = {
			isa = PBXSourcesBuildPhase;
			buildActionMask = 2147483647;
			files = (
				377A43DB2FDCCA2E00103FE9 /* Aquario_AppTests.swift in Sources */,
			);
			runOnlyForDeploymentPostprocessing = 0;
		};
		377A43DC2FDCCA2E00103FE9 /* Sources */ = {
			isa = PBXSourcesBuildPhase;
			buildActionMask = 2147483647;
			files = (
				377A43E52FDCCA2E00103FE9 /* Aquario_AppUITests.swift in Sources */,
				377A43E72FDCCA2E00103FE9 /* Aquario_AppUITestsLaunchTests.swift in Sources */,
			);
			runOnlyForDeploymentPostprocessing = 0;
		};
/* End PBXSourcesBuildPhase section */

/* Begin PBXTargetDependency section */
		377A43D82FDCCA2E00103FE9 /* PBXTargetDependency */ = {
			isa = PBXTargetDependency;
			target = 377A43C52FDCCA2B00103FE9 /* Aquario-App */;
			targetProxy = 377A43D72FDCCA2E00103FE9 /* PBXContainerItemProxy */;
		};
		377A43E22FDCCA2E00103FE9 /* PBXTargetDependency */ = {
			isa = PBXTargetDependency;
			target = 377A43C52FDCCA2B00103FE9 /* Aquario-App */;
			targetProxy = 377A43E12FDCCA2E00103FE9 /* PBXContainerItemProxy */;
		};
/* End PBXTargetDependency section */

/* Begin XCBuildConfiguration section */
		377A43E82FDCCA2E00103FE9 /* Debug */ = {
			isa = XCBuildConfiguration;
			buildSettings = {
				ALWAYS_SEARCH_USER_PATHS = NO;
				CLANG_ANALYZER_NONNULL = YES;
				CLANG_ANALYZER_NUMBER_OBJECT_CONVERSION = YES_AGGRESSIVE;
				CLANG_CXX_LANGUAGE_STANDARD = "gnu++20";
				CLANG_ENABLE_MODULES = YES;
				CLANG_ENABLE_OBJC_ARC = YES;
				CLANG_ENABLE_OBJC_WEAK = YES;
				CLANG_WARN_BLOCK_CAPTURE_AUTORELEASING = YES;
				CLANG_WARN_BOOL_CONVERSION = YES;
				CLANG_WARN_COMMA = YES;
				CLANG_WARN_CONSTANT_CONVERSION = YES;
				CLANG_WARN_DEPRECATED_OBJC_IMPLEMENTATIONS = YES;
				CLANG_WARN_DIRECT_OBJC_ISA_USAGE = YES_ERROR;
				CLANG_WARN_DOCUMENTATION_COMMENTS = YES;
				CLANG_WARN_EMPTY_BODY = YES;
				CLANG_WARN_ENUM_CONVERSION = YES;
				CLANG_WARN_INFINITE_RECURSION = YES;
				CLANG_WARN_INT_CONVERSION = YES;
				CLANG_WARN_NON_LITERAL_NULL_CONVERSION = YES;
				CLANG_WARN_OBJC_IMPLICIT_RETAIN_SELF = YES;
				CLANG_WARN_OBJC_LITERAL_CONVERSION = YES;
				CLANG_WARN_OBJC_ROOT_CLASS = YES_ERROR;
				CLANG_WARN_QUOTED_INCLUDE_IN_FRAMEWORK_HEADER = YES;
				CLANG_WARN_RANGE_LOOP_ANALYSIS = YES;
				CLANG_WARN_STRICT_PROTOTYPES = YES;
				CLANG_WARN_SUSPICIOUS_MOVE = YES;
				CLANG_WARN_UNGUARDED_AVAILABILITY = YES_AGGRESSIVE;
				CLANG_WARN_UNREACHABLE_CODE = YES;
				CLANG_WARN__DUPLICATE_METHOD_MATCH = YES;
				COPY_PHASE_STRIP = NO;
				DEBUG_INFORMATION_FORMAT = dwarf;
				ENABLE_STRICT_OBJC_MSGSEND = YES;
				ENABLE_TESTABILITY = YES;
				GCC_C_LANGUAGE_STANDARD = gnu11;
				GCC_DYNAMIC_NO_PIC = NO;
				GCC_NO_COMMON_BLOCKS = YES;
				GCC_OPTIMIZATION_LEVEL = 0;
				GCC_PREPROCESSOR_DEFINITIONS = (
					"DEBUG=1",
					"$(inherited)",
				);
				GCC_WARN_64_TO_32_BIT_CONVERSION = YES;
				GCC_WARN_ABOUT_RETURN_TYPE = YES_ERROR;
				GCC_WARN_UNDECLARED_SELECTOR = YES;
				GCC_WARN_UNINITIALIZED_AUTOS = YES_AGGRESSIVE;
				GCC_WARN_UNUSED_FUNCTION = YES;
				GCC_WARN_UNUSED_VARIABLE = YES;
				IPHONEOS_DEPLOYMENT_TARGET = 16.2;
				MTL_ENABLE_DEBUG_INFO = INCLUDE_SOURCE;
				MTL_FAST_MATH = YES;
				ONLY_ACTIVE_ARCH = YES;
				SDKROOT = iphoneos;
				SWIFT_ACTIVE_COMPILATION_CONDITIONS = DEBUG;
				SWIFT_OPTIMIZATION_LEVEL = "-Onone";
			};
			name = Debug;
		};
		377A43E92FDCCA2E00103FE9 /* Release */ = {
			isa = XCBuildConfiguration;
			buildSettings = {
				ALWAYS_SEARCH_USER_PATHS = NO;
				CLANG_ANALYZER_NONNULL = YES;
				CLANG_ANALYZER_NUMBER_OBJECT_CONVERSION = YES_AGGRESSIVE;
				CLANG_CXX_LANGUAGE_STANDARD = "gnu++20";
				CLANG_ENABLE_MODULES = YES;
				CLANG_ENABLE_OBJC_ARC = YES;
				CLANG_ENABLE_OBJC_WEAK = YES;
				CLANG_WARN_BLOCK_CAPTURE_AUTORELEASING = YES;
				CLANG_WARN_BOOL_CONVERSION = YES;
				CLANG_WARN_COMMA = YES;
				CLANG_WARN_CONSTANT_CONVERSION = YES;
				CLANG_WARN_DEPRECATED_OBJC_IMPLEMENTATIONS = YES;
				CLANG_WARN_DIRECT_OBJC_ISA_USAGE = YES_ERROR;
				CLANG_WARN_DOCUMENTATION_COMMENTS = YES;
				CLANG_WARN_EMPTY_BODY = YES;
				CLANG_WARN_ENUM_CONVERSION = YES;
				CLANG_WARN_INFINITE_RECURSION = YES;
				CLANG_WARN_INT_CONVERSION = YES;
				CLANG_WARN_NON_LITERAL_NULL_CONVERSION = YES;
				CLANG_WARN_OBJC_IMPLICIT_RETAIN_SELF = YES;
				CLANG_WARN_OBJC_LITERAL_CONVERSION = YES;
				CLANG_WARN_OBJC_ROOT_CLASS = YES_ERROR;
				CLANG_WARN_QUOTED_INCLUDE_IN_FRAMEWORK_HEADER = YES;
				CLANG_WARN_RANGE_LOOP_ANALYSIS = YES;
				CLANG_WARN_STRICT_PROTOTYPES = YES;
				CLANG_WARN_SUSPICIOUS_MOVE = YES;
				CLANG_WARN_UNGUARDED_AVAILABILITY = YES_AGGRESSIVE;
				CLANG_WARN_UNREACHABLE_CODE = YES;
				CLANG_WARN__DUPLICATE_METHOD_MATCH = YES;
				COPY_PHASE_STRIP = NO;
				DEBUG_INFORMATION_FORMAT = "dwarf-with-dsym";
				ENABLE_NS_ASSERTIONS = NO;
				ENABLE_STRICT_OBJC_MSGSEND = YES;
				GCC_C_LANGUAGE_STANDARD = gnu11;
				GCC_NO_COMMON_BLOCKS = YES;
				GCC_WARN_64_TO_32_BIT_CONVERSION = YES;
				GCC_WARN_ABOUT_RETURN_TYPE = YES_ERROR;
				GCC_WARN_UNDECLARED_SELECTOR = YES;
				GCC_WARN_UNINITIALIZED_AUTOS = YES_AGGRESSIVE;
				GCC_WARN_UNUSED_FUNCTION = YES;
				GCC_WARN_UNUSED_VARIABLE = YES;
				IPHONEOS_DEPLOYMENT_TARGET = 16.2;
				MTL_ENABLE_DEBUG_INFO = NO;
				MTL_FAST_MATH = YES;
				SDKROOT = iphoneos;
				SWIFT_COMPILATION_MODE = wholemodule;
				SWIFT_OPTIMIZATION_LEVEL = "-O";
				VALIDATE_PRODUCT = YES;
			};
			name = Release;
		};
		377A43EB2FDCCA2E00103FE9 /* Debug */ = {
			isa = XCBuildConfiguration;
			buildSettings = {
				ASSETCATALOG_COMPILER_APPICON_NAME = AppIcon;
				ASSETCATALOG_COMPILER_GLOBAL_ACCENT_COLOR_NAME = AccentColor;
				CODE_SIGN_STYLE = Automatic;
				CURRENT_PROJECT_VERSION = 1;
				DEVELOPMENT_ASSET_PATHS = "\"Aquario-App/Preview Content\"";
				ENABLE_PREVIEWS = YES;
				GENERATE_INFOPLIST_FILE = YES;
				INFOPLIST_KEY_UIApplicationSceneManifest_Generation = YES;
				INFOPLIST_KEY_UIApplicationSupportsIndirectInputEvents = YES;
				INFOPLIST_KEY_UILaunchScreen_Generation = YES;
				INFOPLIST_KEY_UISupportedInterfaceOrientations_iPad = "UIInterfaceOrientationPortrait UIInterfaceOrientationPortraitUpsideDown UIInterfaceOrientationLandscapeLeft UIInterfaceOrientationLandscapeRight";
				INFOPLIST_KEY_UISupportedInterfaceOrientations_iPhone = "UIInterfaceOrientationPortrait UIInterfaceOrientationLandscapeLeft UIInterfaceOrientationLandscapeRight";
				LD_RUNPATH_SEARCH_PATHS = (
					"$(inherited)",
					"@executable_path/Frameworks",
				);
				MARKETING_VERSION = 1.0;
				PRODUCT_BUNDLE_IDENTIFIER = "Connecta.Aquario-App";
				PRODUCT_NAME = "$(TARGET_NAME)";
				SWIFT_EMIT_LOC_STRINGS = YES;
				SWIFT_VERSION = 5.0;
				TARGETED_DEVICE_FAMILY = "1,2";
			};
			name = Debug;
		};
		377A43EC2FDCCA2E00103FE9 /* Release */ = {
			isa = XCBuildConfiguration;
			buildSettings = {
				ASSETCATALOG_COMPILER_APPICON_NAME = AppIcon;
				ASSETCATALOG_COMPILER_GLOBAL_ACCENT_COLOR_NAME = AccentColor;
				CODE_SIGN_STYLE = Automatic;
				CURRENT_PROJECT_VERSION = 1;
				DEVELOPMENT_ASSET_PATHS = "\"Aquario-App/Preview Content\"";
				ENABLE_PREVIEWS = YES;
				GENERATE_INFOPLIST_FILE = YES;
				INFOPLIST_KEY_UIApplicationSceneManifest_Generation = YES;
				INFOPLIST_KEY_UIApplicationSupportsIndirectInputEvents = YES;
				INFOPLIST_KEY_UILaunchScreen_Generation = YES;
				INFOPLIST_KEY_UISupportedInterfaceOrientations_iPad = "UIInterfaceOrientationPortrait UIInterfaceOrientationPortraitUpsideDown UIInterfaceOrientationLandscapeLeft UIInterfaceOrientationLandscapeRight";
				INFOPLIST_KEY_UISupportedInterfaceOrientations_iPhone = "UIInterfaceOrientationPortrait UIInterfaceOrientationLandscapeLeft UIInterfaceOrientationLandscapeRight";
				LD_RUNPATH_SEARCH_PATHS = (
					"$(inherited)",
					"@executable_path/Frameworks",
				);
				MARKETING_VERSION = 1.0;
				PRODUCT_BUNDLE_IDENTIFIER = "Connecta.Aquario-App";
				PRODUCT_NAME = "$(TARGET_NAME)";
				SWIFT_EMIT_LOC_STRINGS = YES;
				SWIFT_VERSION = 5.0;
				TARGETED_DEVICE_FAMILY = "1,2";
			};
			name = Release;
		};
		377A43EE2FDCCA2E00103FE9 /* Debug */ = {
			isa = XCBuildConfiguration;
			buildSettings = {
				ALWAYS_EMBED_SWIFT_STANDARD_LIBRARIES = YES;
				BUNDLE_LOADER = "$(TEST_HOST)";
				CODE_SIGN_STYLE = Automatic;
				CURRENT_PROJECT_VERSION = 1;
				GENERATE_INFOPLIST_FILE = YES;
				IPHONEOS_DEPLOYMENT_TARGET = 16.2;
				MARKETING_VERSION = 1.0;
				PRODUCT_BUNDLE_IDENTIFIER = "Connecta.Aquario-AppTests";
				PRODUCT_NAME = "$(TARGET_NAME)";
				SWIFT_EMIT_LOC_STRINGS = NO;
				SWIFT_VERSION = 5.0;
				TARGETED_DEVICE_FAMILY = "1,2";
				TEST_HOST = "$(BUILT_PRODUCTS_DIR)/Aquario-App.app/$(BUNDLE_EXECUTABLE_FOLDER_PATH)/Aquario-App";
			};
			name = Debug;
		};
		377A43EF2FDCCA2E00103FE9 /* Release */ = {
			isa = XCBuildConfiguration;
			buildSettings = {
				ALWAYS_EMBED_SWIFT_STANDARD_LIBRARIES = YES;
				BUNDLE_LOADER = "$(TEST_HOST)";
				CODE_SIGN_STYLE = Automatic;
				CURRENT_PROJECT_VERSION = 1;
				GENERATE_INFOPLIST_FILE = YES;
				IPHONEOS_DEPLOYMENT_TARGET = 16.2;
				MARKETING_VERSION = 1.0;
				PRODUCT_BUNDLE_IDENTIFIER = "Connecta.Aquario-AppTests";
				PRODUCT_NAME = "$(TARGET_NAME)";
				SWIFT_EMIT_LOC_STRINGS = NO;
				SWIFT_VERSION = 5.0;
				TARGETED_DEVICE_FAMILY = "1,2";
				TEST_HOST = "$(BUILT_PRODUCTS_DIR)/Aquario-App.app/$(BUNDLE_EXECUTABLE_FOLDER_PATH)/Aquario-App";
			};
			name = Release;
		};
		377A43F12FDCCA2E00103FE9 /* Debug */ = {
			isa = XCBuildConfiguration;
			buildSettings = {
				ALWAYS_EMBED_SWIFT_STANDARD_LIBRARIES = YES;
				CODE_SIGN_STYLE = Automatic;
				CURRENT_PROJECT_VERSION = 1;
				GENERATE_INFOPLIST_FILE = YES;
				MARKETING_VERSION = 1.0;
				PRODUCT_BUNDLE_IDENTIFIER = "Connecta.Aquario-AppUITests";
				PRODUCT_NAME = "$(TARGET_NAME)";
				SWIFT_EMIT_LOC_STRINGS = NO;
				SWIFT_VERSION = 5.0;
				TARGETED_DEVICE_FAMILY = "1,2";
				TEST_TARGET_NAME = "Aquario-App";
			};
			name = Debug;
		};
		377A43F22FDCCA2E00103FE9 /* Release */ = {
			isa = XCBuildConfiguration;
			buildSettings = {
				ALWAYS_EMBED_SWIFT_STANDARD_LIBRARIES = YES;
				CODE_SIGN_STYLE = Automatic;
				CURRENT_PROJECT_VERSION = 1;
				GENERATE_INFOPLIST_FILE = YES;
				MARKETING_VERSION = 1.0;
				PRODUCT_BUNDLE_IDENTIFIER = "Connecta.Aquario-AppUITests";
				PRODUCT_NAME = "$(TARGET_NAME)";
				SWIFT_EMIT_LOC_STRINGS = NO;
				SWIFT_VERSION = 5.0;
				TARGETED_DEVICE_FAMILY = "1,2";
				TEST_TARGET_NAME = "Aquario-App";
			};
			name = Release;
		};
/* End XCBuildConfiguration section */

/* Begin XCConfigurationList section */
		377A43C12FDCCA2B00103FE9 /* Build configuration list for PBXProject "Aquario-App" */ = {
			isa = XCConfigurationList;
			buildConfigurations = (
				377A43E82FDCCA2E00103FE9 /* Debug */,
				377A43E92FDCCA2E00103FE9 /* Release */,
			);
			defaultConfigurationIsVisible = 0;
			defaultConfigurationName = Release;
		};
		377A43EA2FDCCA2E00103FE9 /* Build configuration list for PBXNativeTarget "Aquario-App" */ = {
			isa = XCConfigurationList;
			buildConfigurations = (
				377A43EB2FDCCA2E00103FE9 /* Debug */,
				377A43EC2FDCCA2E00103FE9 /* Release */,
			);
			defaultConfigurationIsVisible = 0;
			defaultConfigurationName = Release;
		};
		377A43ED2FDCCA2E00103FE9 /* Build configuration list for PBXNativeTarget "Aquario-AppTests" */ = {
			isa = XCConfigurationList;
			buildConfigurations = (
				377A43EE2FDCCA2E00103FE9 /* Debug */,
				377A43EF2FDCCA2E00103FE9 /* Release */,
			);
			defaultConfigurationIsVisible = 0;
			defaultConfigurationName = Release;
		};
		377A43F02FDCCA2E00103FE9 /* Build configuration list for PBXNativeTarget "Aquario-AppUITests" */ = {
			isa = XCConfigurationList;
			buildConfigurations = (
				377A43F12FDCCA2E00103FE9 /* Debug */,
				377A43F22FDCCA2E00103FE9 /* Release */,
			);
			defaultConfigurationIsVisible = 0;
			defaultConfigurationName = Release;
		};
/* End XCConfigurationList section */
	};
	rootObject = 377A43BE2FDCCA2B00103FE9 /* Project object */;
}
